
Microsoft Visual Studio Solution File, Format Version 12.00
# Visual Studio 2012
Project("{2150E333-8FDC-42A3-9474-1A3956D46DE8}") = "External", "External", "{93E9D742-9ABE-495E-A9CA-1EC9C7D37B5C}"
EndProject
Project("{FAE04EC0-301F-11D3-BF4B-00C04F79EFBC}") = "Prism.Metro", "Prism.Metro\Prism.Metro.csproj", "{976BE360-00BC-4130-99A4-C730F6620176}"
EndProject
Project("{FAE04EC0-301F-11D3-BF4B-00C04F79EFBC}") = "Prism.Extensions.Unity", "Prism.Extensions.Unity\Prism.Extensions.Unity.csproj", "{624F3318-5CC2-40FD-B4ED-56C6586C12D0}"
EndProject
Project("{2150E333-8FDC-42A3-9474-1A3956D46DE8}") = "Windows", "Windows", "{D212B9DE-15E3-4E37-AA0E-D1B4124FDE28}"
EndProject
Project("{FAE04EC0-301F-11D3-BF4B-00C04F79EFBC}") = "StockTrader.Windows", "StockTrader.Windows\StockTrader.Windows.csproj", "{C2D808E1-080F-4A4C-8447-6DC3DD8D26ED}"
EndProject
Project("{FAE04EC0-301F-11D3-BF4B-00C04F79EFBC}") = "StockTrader.Windows.Events", "StockTrader.Windows.Events\StockTrader.Windows.Events.csproj", "{7E2DD096-A9E8-4D09-AF0E-182E4A58F7DE}"
EndProject
Project("{FAE04EC0-301F-11D3-BF4B-00C04F79EFBC}") = "StockTrader.Windows.Common", "StockTrader.Windows.Common\StockTrader.Windows.Common.csproj", "{F93AF359-DB84-4544-A5A3-856BAF5DF320}"
EndProject
Project("{FAE04EC0-301F-11D3-BF4B-00C04F79EFBC}") = "StockTrader.Windows.StartUp", "StockTrader.Windows.StartUp\StockTrader.Windows.StartUp.csproj", "{B4E545C1-C837-4B36-8175-80B3E3FE3DF2}"
EndProject
Project("{FAE04EC0-301F-11D3-BF4B-00C04F79EFBC}") = "StockTrader.Windows.Broker", "StockTrader.Windows.Broker\StockTrader.Windows.Broker.csproj", "{C04764AE-90DE-4A0B-9A2B-953AFA289383}"
EndProject
Project("{2150E333-8FDC-42A3-9474-1A3956D46DE8}") = "Web", "Web", "{DF12DA0D-923D-4388-89FA-83643D3861BA}"
EndProject
Project("{FAE04EC0-301F-11D3-BF4B-00C04F79EFBC}") = "StockTrader.Web", "StockTrader.Web\StockTrader.Web.csproj", "{D32DC8CE-88A6-4419-88DB-1E156AA34C98}"
EndProject
Project("{FAE04EC0-301F-11D3-BF4B-00C04F79EFBC}") = "StockTrader.Windows.Trader", "StockTrader.Windows.Trader\StockTrader.Windows.Trader.csproj", "{D7247FA2-E04F-48B1-B1B6-8E78E5BE3447}"
EndProject
Global
	GlobalSection(SolutionConfigurationPlatforms) = preSolution
		Debug|Any CPU = Debug|Any CPU
		Debug|ARM = Debug|ARM
		Debug|x64 = Debug|x64
		Debug|x86 = Debug|x86
		Release|Any CPU = Release|Any CPU
		Release|ARM = Release|ARM
		Release|x64 = Release|x64
		Release|x86 = Release|x86
	EndGlobalSection
	GlobalSection(ProjectConfigurationPlatforms) = postSolution
		{976BE360-00BC-4130-99A4-C730F6620176}.Debug|Any CPU.ActiveCfg = Debug|Any CPU
		{976BE360-00BC-4130-99A4-C730F6620176}.Debug|Any CPU.Build.0 = Debug|Any CPU
		{976BE360-00BC-4130-99A4-C730F6620176}.Debug|ARM.ActiveCfg = Debug|ARM
		{976BE360-00BC-4130-99A4-C730F6620176}.Debug|ARM.Build.0 = Debug|ARM
		{976BE360-00BC-4130-99A4-C730F6620176}.Debug|x64.ActiveCfg = Debug|x64
		{976BE360-00BC-4130-99A4-C730F6620176}.Debug|x64.Build.0 = Debug|x64
		{976BE360-00BC-4130-99A4-C730F6620176}.Debug|x86.ActiveCfg = Debug|x86
		{976BE360-00BC-4130-99A4-C730F6620176}.Debug|x86.Build.0 = Debug|x86
		{976BE360-00BC-4130-99A4-C730F6620176}.Release|Any CPU.ActiveCfg = Release|Any CPU
		{976BE360-00BC-4130-99A4-C730F6620176}.Release|Any CPU.Build.0 = Release|Any CPU
		{976BE360-00BC-4130-99A4-C730F6620176}.Release|ARM.ActiveCfg = Release|ARM
		{976BE360-00BC-4130-99A4-C730F6620176}.Release|ARM.Build.0 = Release|ARM
		{976BE360-00BC-4130-99A4-C730F6620176}.Release|x64.ActiveCfg = Release|x64
		{976BE360-00BC-4130-99A4-C730F6620176}.Release|x64.Build.0 = Release|x64
		{976BE360-00BC-4130-99A4-C730F6620176}.Release|x86.ActiveCfg = Release|x86
		{976BE360-00BC-4130-99A4-C730F6620176}.Release|x86.Build.0 = Release|x86
		{624F3318-5CC2-40FD-B4ED-56C6586C12D0}.Debug|Any CPU.ActiveCfg = Debug|Any CPU
		{624F3318-5CC2-40FD-B4ED-56C6586C12D0}.Debug|Any CPU.Build.0 = Debug|Any CPU
		{624F3318-5CC2-40FD-B4ED-56C6586C12D0}.Debug|ARM.ActiveCfg = Debug|ARM
		{624F3318-5CC2-40FD-B4ED-56C6586C12D0}.Debug|ARM.Build.0 = Debug|ARM
		{624F3318-5CC2-40FD-B4ED-56C6586C12D0}.Debug|x64.ActiveCfg = Debug|x64
		{624F3318-5CC2-40FD-B4ED-56C6586C12D0}.Debug|x64.Build.0 = Debug|x64
		{624F3318-5CC2-40FD-B4ED-56C6586C12D0}.Debug|x86.ActiveCfg = Debug|x86
		{624F3318-5CC2-40FD-B4ED-56C6586C12D0}.Debug|x86.Build.0 = Debug|x86
		{624F3318-5CC2-40FD-B4ED-56C6586C12D0}.Release|Any CPU.ActiveCfg = Release|Any CPU
		{624F3318-5CC2-40FD-B4ED-56C6586C12D0}.Release|Any CPU.Build.0 = Release|Any CPU
		{624F3318-5CC2-40FD-B4ED-56C6586C12D0}.Release|ARM.ActiveCfg = Release|ARM
		{624F3318-5CC2-40FD-B4ED-56C6586C12D0}.Release|ARM.Build.0 = Release|ARM
		{624F3318-5CC2-40FD-B4ED-56C6586C12D0}.Release|x64.ActiveCfg = Release|x64
		{624F3318-5CC2-40FD-B4ED-56C6586C12D0}.Release|x64.Build.0 = Release|x64
		{624F3318-5CC2-40FD-B4ED-56C6586C12D0}.Release|x86.ActiveCfg = Release|x86
		{624F3318-5CC2-40FD-B4ED-56C6586C12D0}.Release|x86.Build.0 = Release|x86
		{C2D808E1-080F-4A4C-8447-6DC3DD8D26ED}.Debug|Any CPU.ActiveCfg = Debug|Any CPU
		{C2D808E1-080F-4A4C-8447-6DC3DD8D26ED}.Debug|Any CPU.Build.0 = Debug|Any CPU
		{C2D808E1-080F-4A4C-8447-6DC3DD8D26ED}.Debug|Any CPU.Deploy.0 = Debug|Any CPU
		{C2D808E1-080F-4A4C-8447-6DC3DD8D26ED}.Debug|ARM.ActiveCfg = Debug|ARM
		{C2D808E1-080F-4A4C-8447-6DC3DD8D26ED}.Debug|ARM.Build.0 = Debug|ARM
		{C2D808E1-080F-4A4C-8447-6DC3DD8D26ED}.Debug|ARM.Deploy.0 = Debug|ARM
		{C2D808E1-080F-4A4C-8447-6DC3DD8D26ED}.Debug|x64.ActiveCfg = Debug|x64
		{C2D808E1-080F-4A4C-8447-6DC3DD8D26ED}.Debug|x64.Build.0 = Debug|x64
		{C2D808E1-080F-4A4C-8447-6DC3DD8D26ED}.Debug|x64.Deploy.0 = Debug|x64
		{C2D808E1-080F-4A4C-8447-6DC3DD8D26ED}.Debug|x86.ActiveCfg = Debug|x86
		{C2D808E1-080F-4A4C-8447-6DC3DD8D26ED}.Debug|x86.Build.0 = Debug|x86
		{C2D808E1-080F-4A4C-8447-6DC3DD8D26ED}.Debug|x86.Deploy.0 = Debug|x86
		{C2D808E1-080F-4A4C-8447-6DC3DD8D26ED}.Release|Any CPU.ActiveCfg = Release|Any CPU
		{C2D808E1-080F-4A4C-8447-6DC3DD8D26ED}.Release|Any CPU.Build.0 = Release|Any CPU
		{C2D808E1-080F-4A4C-8447-6DC3DD8D26ED}.Release|Any CPU.Deploy.0 = Release|Any CPU
		{C2D808E1-080F-4A4C-8447-6DC3DD8D26ED}.Release|ARM.ActiveCfg = Release|ARM
		{C2D808E1-080F-4A4C-8447-6DC3DD8D26ED}.Release|ARM.Build.0 = Release|ARM
		{C2D808E1-080F-4A4C-8447-6DC3DD8D26ED}.Release|ARM.Deploy.0 = Release|ARM
		{C2D808E1-080F-4A4C-8447-6DC3DD8D26ED}.Release|x64.ActiveCfg = Release|x64
		{C2D808E1-080F-4A4C-8447-6DC3DD8D26ED}.Release|x64.Build.0 = Release|x64
		{C2D808E1-080F-4A4C-8447-6DC3DD8D26ED}.Release|x64.Deploy.0 = Release|x64
		{C2D808E1-080F-4A4C-8447-6DC3DD8D26ED}.Release|x86.ActiveCfg = Release|x86
		{C2D808E1-080F-4A4C-8447-6DC3DD8D26ED}.Release|x86.Build.0 = Release|x86
		{C2D808E1-080F-4A4C-8447-6DC3DD8D26ED}.Release|x86.Deploy.0 = Release|x86
		{7E2DD096-A9E8-4D09-AF0E-182E4A58F7DE}.Debug|Any CPU.ActiveCfg = Debug|Any CPU
		{7E2DD096-A9E8-4D09-AF0E-182E4A58F7DE}.Debug|Any CPU.Build.0 = Debug|Any CPU
		{7E2DD096-A9E8-4D09-AF0E-182E4A58F7DE}.Debug|ARM.ActiveCfg = Debug|ARM
		{7E2DD096-A9E8-4D09-AF0E-182E4A58F7DE}.Debug|ARM.Build.0 = Debug|ARM
		{7E2DD096-A9E8-4D09-AF0E-182E4A58F7DE}.Debug|x64.ActiveCfg = Debug|x64
		{7E2DD096-A9E8-4D09-AF0E-182E4A58F7DE}.Debug|x64.Build.0 = Debug|x64
		{7E2DD096-A9E8-4D09-AF0E-182E4A58F7DE}.Debug|x86.ActiveCfg = Debug|x86
		{7E2DD096-A9E8-4D09-AF0E-182E4A58F7DE}.Debug|x86.Build.0 = Debug|x86
		{7E2DD096-A9E8-4D09-AF0E-182E4A58F7DE}.Release|Any CPU.ActiveCfg = Release|Any CPU
		{7E2DD096-A9E8-4D09-AF0E-182E4A58F7DE}.Release|Any CPU.Build.0 = Release|Any CPU
		{7E2DD096-A9E8-4D09-AF0E-182E4A58F7DE}.Release|ARM.ActiveCfg = Release|ARM
		{7E2DD096-A9E8-4D09-AF0E-182E4A58F7DE}.Release|ARM.Build.0 = Release|ARM
		{7E2DD096-A9E8-4D09-AF0E-182E4A58F7DE}.Release|x64.ActiveCfg = Release|x64
		{7E2DD096-A9E8-4D09-AF0E-182E4A58F7DE}.Release|x64.Build.0 = Release|x64
		{7E2DD096-A9E8-4D09-AF0E-182E4A58F7DE}.Release|x86.ActiveCfg = Release|x86
		{7E2DD096-A9E8-4D09-AF0E-182E4A58F7DE}.Release|x86.Build.0 = Release|x86
		{F93AF359-DB84-4544-A5A3-856BAF5DF320}.Debug|Any CPU.ActiveCfg = Debug|Any CPU
		{F93AF359-DB84-4544-A5A3-856BAF5DF320}.Debug|Any CPU.Build.0 = Debug|Any CPU
		{F93AF359-DB84-4544-A5A3-856BAF5DF320}.Debug|ARM.ActiveCfg = Debug|ARM
		{F93AF359-DB84-4544-A5A3-856BAF5DF320}.Debug|ARM.Build.0 = Debug|ARM
		{F93AF359-DB84-4544-A5A3-856BAF5DF320}.Debug|x64.ActiveCfg = Debug|x64
		{F93AF359-DB84-4544-A5A3-856BAF5DF320}.Debug|x64.Build.0 = Debug|x64
		{F93AF359-DB84-4544-A5A3-856BAF5DF320}.Debug|x86.ActiveCfg = Debug|x86
		{F93AF359-DB84-4544-A5A3-856BAF5DF320}.Debug|x86.Build.0 = Debug|x86
		{F93AF359-DB84-4544-A5A3-856BAF5DF320}.Release|Any CPU.ActiveCfg = Release|Any CPU
		{F93AF359-DB84-4544-A5A3-856BAF5DF320}.Release|Any CPU.Build.0 = Release|Any CPU
		{F93AF359-DB84-4544-A5A3-856BAF5DF320}.Release|ARM.ActiveCfg = Release|ARM
		{F93AF359-DB84-4544-A5A3-856BAF5DF320}.Release|ARM.Build.0 = Release|ARM
		{F93AF359-DB84-4544-A5A3-856BAF5DF320}.Release|x64.ActiveCfg = Release|x64
		{F93AF359-DB84-4544-A5A3-856BAF5DF320}.Release|x64.Build.0 = Release|x64
		{F93AF359-DB84-4544-A5A3-856BAF5DF320}.Release|x86.ActiveCfg = Release|x86
		{F93AF359-DB84-4544-A5A3-856BAF5DF320}.Release|x86.Build.0 = Release|x86
		{B4E545C1-C837-4B36-8175-80B3E3FE3DF2}.Debug|Any CPU.ActiveCfg = Debug|Any CPU
		{B4E545C1-C837-4B36-8175-80B3E3FE3DF2}.Debug|Any CPU.Build.0 = Debug|Any CPU
		{B4E545C1-C837-4B36-8175-80B3E3FE3DF2}.Debug|ARM.ActiveCfg = Debug|ARM
		{B4E545C1-C837-4B36-8175-80B3E3FE3DF2}.Debug|ARM.Build.0 = Debug|ARM
		{B4E545C1-C837-4B36-8175-80B3E3FE3DF2}.Debug|x64.ActiveCfg = Debug|x64
		{B4E545C1-C837-4B36-8175-80B3E3FE3DF2}.Debug|x64.Build.0 = Debug|x64
		{B4E545C1-C837-4B36-8175-80B3E3FE3DF2}.Debug|x86.ActiveCfg = Debug|x86
		{B4E545C1-C837-4B36-8175-80B3E3FE3DF2}.Debug|x86.Build.0 = Debug|x86
		{B4E545C1-C837-4B36-8175-80B3E3FE3DF2}.Release|Any CPU.ActiveCfg = Release|Any CPU
		{B4E545C1-C837-4B36-8175-80B3E3FE3DF2}.Release|Any CPU.Build.0 = Release|Any CPU
		{B4E545C1-C837-4B36-8175-80B3E3FE3DF2}.Release|ARM.ActiveCfg = Release|ARM
		{B4E545C1-C837-4B36-8175-80B3E3FE3DF2}.Release|ARM.Build.0 = Release|ARM
		{B4E545C1-C837-4B36-8175-80B3E3FE3DF2}.Release|x64.ActiveCfg = Release|x64
		{B4E545C1-C837-4B36-8175-80B3E3FE3DF2}.Release|x64.Build.0 = Release|x64
		{B4E545C1-C837-4B36-8175-80B3E3FE3DF2}.Release|x86.ActiveCfg = Release|x86
		{B4E545C1-C837-4B36-8175-80B3E3FE3DF2}.Release|x86.Build.0 = Release|x86
		{C04764AE-90DE-4A0B-9A2B-953AFA289383}.Debug|Any CPU.ActiveCfg = Debug|Any CPU
		{C04764AE-90DE-4A0B-9A2B-953AFA289383}.Debug|Any CPU.Build.0 = Debug|Any CPU
		{C04764AE-90DE-4A0B-9A2B-953AFA289383}.Debug|ARM.ActiveCfg = Debug|ARM
		{C04764AE-90DE-4A0B-9A2B-953AFA289383}.Debug|ARM.Build.0 = Debug|ARM
		{C04764AE-90DE-4A0B-9A2B-953AFA289383}.Debug|x64.ActiveCfg = Debug|x64
		{C04764AE-90DE-4A0B-9A2B-953AFA289383}.Debug|x64.Build.0 = Debug|x64
		{C04764AE-90DE-4A0B-9A2B-953AFA289383}.Debug|x86.ActiveCfg = Debug|x86
		{C04764AE-90DE-4A0B-9A2B-953AFA289383}.Debug|x86.Build.0 = Debug|x86
		{C04764AE-90DE-4A0B-9A2B-953AFA289383}.Release|Any CPU.ActiveCfg = Release|Any CPU
		{C04764AE-90DE-4A0B-9A2B-953AFA289383}.Release|Any CPU.Build.0 = Release|Any CPU
		{C04764AE-90DE-4A0B-9A2B-953AFA289383}.Release|ARM.ActiveCfg = Release|ARM
		{C04764AE-90DE-4A0B-9A2B-953AFA289383}.Release|ARM.Build.0 = Release|ARM
		{C04764AE-90DE-4A0B-9A2B-953AFA289383}.Release|x64.ActiveCfg = Release|x64
		{C04764AE-90DE-4A0B-9A2B-953AFA289383}.Release|x64.Build.0 = Release|x64
		{C04764AE-90DE-4A0B-9A2B-953AFA289383}.Release|x86.ActiveCfg = Release|x86
		{C04764AE-90DE-4A0B-9A2B-953AFA289383}.Release|x86.Build.0 = Release|x86
		{D32DC8CE-88A6-4419-88DB-1E156AA34C98}.Debug|Any CPU.ActiveCfg = Debug|Any CPU
		{D32DC8CE-88A6-4419-88DB-1E156AA34C98}.Debug|Any CPU.Build.0 = Debug|Any CPU
		{D32DC8CE-88A6-4419-88DB-1E156AA34C98}.Debug|ARM.ActiveCfg = Debug|Any CPU
		{D32DC8CE-88A6-4419-88DB-1E156AA34C98}.Debug|x64.ActiveCfg = Debug|Any CPU
		{D32DC8CE-88A6-4419-88DB-1E156AA34C98}.Debug|x86.ActiveCfg = Debug|Any CPU
		{D32DC8CE-88A6-4419-88DB-1E156AA34C98}.Release|Any CPU.ActiveCfg = Release|Any CPU
		{D32DC8CE-88A6-4419-88DB-1E156AA34C98}.Release|Any CPU.Build.0 = Release|Any CPU
		{D32DC8CE-88A6-4419-88DB-1E156AA34C98}.Release|ARM.ActiveCfg = Release|Any CPU
		{D32DC8CE-88A6-4419-88DB-1E156AA34C98}.Release|x64.ActiveCfg = Release|Any CPU
		{D32DC8CE-88A6-4419-88DB-1E156AA34C98}.Release|x86.ActiveCfg = Release|Any CPU
		{D7247FA2-E04F-48B1-B1B6-8E78E5BE3447}.Debug|Any CPU.ActiveCfg = Debug|Any CPU
		{D7247FA2-E04F-48B1-B1B6-8E78E5BE3447}.Debug|Any CPU.Build.0 = Debug|Any CPU
		{D7247FA2-E04F-48B1-B1B6-8E78E5BE3447}.Debug|ARM.ActiveCfg = Debug|ARM
		{D7247FA2-E04F-48B1-B1B6-8E78E5BE3447}.Debug|ARM.Build.0 = Debug|ARM
		{D7247FA2-E04F-48B1-B1B6-8E78E5BE3447}.Debug|x64.ActiveCfg = Debug|x64
		{D7247FA2-E04F-48B1-B1B6-8E78E5BE3447}.Debug|x64.Build.0 = Debug|x64
		{D7247FA2-E04F-48B1-B1B6-8E78E5BE3447}.Debug|x86.ActiveCfg = Debug|x86
		{D7247FA2-E04F-48B1-B1B6-8E78E5BE3447}.Debug|x86.Build.0 = Debug|x86
		{D7247FA2-E04F-48B1-B1B6-8E78E5BE3447}.Release|Any CPU.ActiveCfg = Release|Any CPU
		{D7247FA2-E04F-48B1-B1B6-8E78E5BE3447}.Release|Any CPU.Build.0 = Release|Any CPU
		{D7247FA2-E04F-48B1-B1B6-8E78E5BE3447}.Release|ARM.ActiveCfg = Release|ARM
		{D7247FA2-E04F-48B1-B1B6-8E78E5BE3447}.Release|ARM.Build.0 = Release|ARM
		{D7247FA2-E04F-48B1-B1B6-8E78E5BE3447}.Release|x64.ActiveCfg = Release|x64
		{D7247FA2-E04F-48B1-B1B6-8E78E5BE3447}.Release|x64.Build.0 = Release|x64
		{D7247FA2-E04F-48B1-B1B6-8E78E5BE3447}.Release|x86.ActiveCfg = Release|x86
		{D7247FA2-E04F-48B1-B1B6-8E78E5BE3447}.Release|x86.Build.0 = Release|x86
	EndGlobalSection
	GlobalSection(SolutionProperties) = preSolution
		HideSolutionNode = FALSE
	EndGlobalSection
	GlobalSection(NestedProjects) = preSolution
		{93E9D742-9ABE-495E-A9CA-1EC9C7D37B5C} = {D212B9DE-15E3-4E37-AA0E-D1B4124FDE28}
		{C2D808E1-080F-4A4C-8447-6DC3DD8D26ED} = {D212B9DE-15E3-4E37-AA0E-D1B4124FDE28}
		{7E2DD096-A9E8-4D09-AF0E-182E4A58F7DE} = {D212B9DE-15E3-4E37-AA0E-D1B4124FDE28}
		{F93AF359-DB84-4544-A5A3-856BAF5DF320} = {D212B9DE-15E3-4E37-AA0E-D1B4124FDE28}
		{B4E545C1-C837-4B36-8175-80B3E3FE3DF2} = {D212B9DE-15E3-4E37-AA0E-D1B4124FDE28}
		{C04764AE-90DE-4A0B-9A2B-953AFA289383} = {D212B9DE-15E3-4E37-AA0E-D1B4124FDE28}
		{D7247FA2-E04F-48B1-B1B6-8E78E5BE3447} = {D212B9DE-15E3-4E37-AA0E-D1B4124FDE28}
		{624F3318-5CC2-40FD-B4ED-56C6586C12D0} = {93E9D742-9ABE-495E-A9CA-1EC9C7D37B5C}
		{976BE360-00BC-4130-99A4-C730F6620176} = {93E9D742-9ABE-495E-A9CA-1EC9C7D37B5C}
		{D32DC8CE-88A6-4419-88DB-1E156AA34C98} = {DF12DA0D-923D-4388-89FA-83643D3861BA}
	EndGlobalSection
EndGlobal
